
Microsoft Visual Studio Solution File, Format Version 12.00
# Visual Studio Version 16
VisualStudioVersion = 16.0.31911.196
MinimumVisualStudioVersion = 10.0.40219.1
Project("{D954291E-2A0B-460D-934E-DC6B0785DB48}") = "ReaderWriter", "ReaderWriter\ReaderWriter.shproj", "{F42B7992-7505-4923-BF85-8FEBC679CFC7}"
EndProject
Project("{FAE04EC0-301F-11D3-BF4B-00C04F79EFBC}") = "TestClient", "TestClient\TestClient.csproj", "{AC461668-786E-4F28-A37A-3DF109E5647E}"
EndProject
Project("{FAE04EC0-301F-11D3-BF4B-00C04F79EFBC}") = "TestServer", "TestServer\TestServer.csproj", "{4B0D3EDC-6C9D-4B2C-AC6D-061FDB32223A}"
EndProject
Global
	GlobalSection(SharedMSBuildProjectFiles) = preSolution
		ReaderWriter\ReaderWriter.projitems*{4b0d3edc-6c9d-4b2c-ac6d-061fdb32223a}*SharedItemsImports = 5
		ReaderWriter\ReaderWriter.projitems*{ac461668-786e-4f28-a37a-3df109e5647e}*SharedItemsImports = 5
		ReaderWriter\ReaderWriter.projitems*{f42b7992-7505-4923-bf85-8febc679cfc7}*SharedItemsImports = 13
	EndGlobalSection
	GlobalSection(SolutionConfigurationPlatforms) = preSolution
		Debug|Any CPU = Debug|Any CPU
		Release|Any CPU = Release|Any CPU
	EndGlobalSection
	GlobalSection(ProjectConfigurationPlatforms) = postSolution
		{AC461668-786E-4F28-A37A-3DF109E5647E}.Debug|Any CPU.ActiveCfg = Debug|Any CPU
		{AC461668-786E-4F28-A37A-3DF109E5647E}.Debug|Any CPU.Build.0 = Debug|Any CPU
		{AC461668-786E-4F28-A37A-3DF109E5647E}.Release|Any CPU.ActiveCfg = Release|Any CPU
		{AC461668-786E-4F28-A37A-3DF109E5647E}.Release|Any CPU.Build.0 = Release|Any CPU
		{4B0D3EDC-6C9D-4B2C-AC6D-061FDB32223A}.Debug|Any CPU.ActiveCfg = Debug|Any CPU
		{4B0D3EDC-6C9D-4B2C-AC6D-061FDB32223A}.Debug|Any CPU.Build.0 = Debug|Any CPU
		{4B0D3EDC-6C9D-4B2C-AC6D-061FDB32223A}.Release|Any CPU.ActiveCfg = Release|Any CPU
		{4B0D3EDC-6C9D-4B2C-AC6D-061FDB32223A}.Release|Any CPU.Build.0 = Release|Any CPU
	EndGlobalSection
	GlobalSection(SolutionProperties) = preSolution
		HideSolutionNode = FALSE
	EndGlobalSection
	GlobalSection(ExtensibilityGlobals) = postSolution
		SolutionGuid = {AEBA58BB-5753-44A9-9C49-FAFAFD548526}
	EndGlobalSection
EndGlobal
